
Microsoft Visual Studio Solution File, Format Version 12.00
# Visual Studio Version 17
VisualStudioVersion = 17.9.34723.18
MinimumVisualStudioVersion = 10.0.40219.1
Project("{FAE04EC0-301F-11D3-BF4B-00C04F79EFBC}") = "Scheduler_bot", "Scheduler_bot\Scheduler_bot.csproj", "{86C67082-18DC-4175-8754-C4405E669E09}"
EndProject
Global
	GlobalSection(SolutionConfigurationPlatforms) = preSolution
		Debug|Any CPU = Debug|Any CPU
		Release|Any CPU = Release|Any CPU
	EndGlobalSection
	GlobalSection(ProjectConfigurationPlatforms) = postSolution
		{86C67082-18DC-4175-8754-C4405E669E09}.Debug|Any CPU.ActiveCfg = Debug|Any CPU
		{86C67082-18DC-4175-8754-C4405E669E09}.Debug|Any CPU.Build.0 = Debug|Any CPU
		{86C67082-18DC-4175-8754-C4405E669E09}.Release|Any CPU.ActiveCfg = Release|Any CPU
		{86C67082-18DC-4175-8754-C4405E669E09}.Release|Any CPU.Build.0 = Release|Any CPU
	EndGlobalSection
	GlobalSection(SolutionProperties) = preSolution
		HideSolutionNode = FALSE
	EndGlobalSection
	GlobalSection(ExtensibilityGlobals) = postSolution
		SolutionGuid = {F7AC66F7-92B9-45BA-9966-1BF71DD0278D}
	EndGlobalSection
EndGlobal
